
Microsoft Visual Studio Solution File, Format Version 12.00
# Visual Studio 15
VisualStudioVersion = 15.0.28010.2048
MinimumVisualStudioVersion = 10.0.40219.1
Project("{9A19103F-16F7-4668-BE54-9A1E7A4F7556}") = "AdventOfCode2020", "AdventOfCode2020.csproj", "{AD16E90D-4D43-4610-BB88-B442A0CC1A88}"
EndProject
Global
	GlobalSection(SolutionConfigurationPlatforms) = preSolution
		Debug|Any CPU = Debug|Any CPU
		Release|Any CPU = Release|Any CPU
	EndGlobalSection
	GlobalSection(ProjectConfigurationPlatforms) = postSolution
		{AD16E90D-4D43-4610-BB88-B442A0CC1A88}.Debug|Any CPU.ActiveCfg = Debug|Any CPU
		{AD16E90D-4D43-4610-BB88-B442A0CC1A88}.Debug|Any CPU.Build.0 = Debug|Any CPU
		{AD16E90D-4D43-4610-BB88-B442A0CC1A88}.Release|Any CPU.ActiveCfg = Release|Any CPU
		{AD16E90D-4D43-4610-BB88-B442A0CC1A88}.Release|Any CPU.Build.0 = Release|Any CPU
		{C2294780-0141-4B87-89E1-55E44CCAF640}.Debug|Any CPU.ActiveCfg = Debug|Any CPU
		{C2294780-0141-4B87-89E1-55E44CCAF640}.Debug|Any CPU.Build.0 = Debug|Any CPU
		{C2294780-0141-4B87-89E1-55E44CCAF640}.Release|Any CPU.ActiveCfg = Release|Any CPU
		{C2294780-0141-4B87-89E1-55E44CCAF640}.Release|Any CPU.Build.0 = Release|Any CPU
	EndGlobalSection
	GlobalSection(SolutionProperties) = preSolution
		HideSolutionNode = FALSE
	EndGlobalSection
	GlobalSection(ExtensibilityGlobals) = postSolution
		SolutionGuid = {5A3FA99A-FDFC-4BE4-B37E-37E082A7DC79}
	EndGlobalSection
EndGlobal
